
Microsoft Visual Studio Solution File, Format Version 12.00
# Visual Studio Version 17
VisualStudioVersion = 17.5.33627.172
MinimumVisualStudioVersion = 10.0.40219.1
Project("{9A19103F-16F7-4668-BE54-9A1E7A4F7556}") = "Transport.Client.Desktop", "Transport.Client.Desktop\Transport.Client.Desktop.csproj", "{1757BC45-EDE0-4CB9-B2E8-AB56E41E0299}"
EndProject
Project("{9A19103F-16F7-4668-BE54-9A1E7A4F7556}") = "Transport.WebApi", "Transport.WebApi\Transport.WebApi.csproj", "{4AAB1ECB-9143-4C8C-9453-68F20DA26F65}"
EndProject
Project("{9A19103F-16F7-4668-BE54-9A1E7A4F7556}") = "Transport.DTOs", "Transport.DTOs\Transport.DTOs.csproj", "{C79A17BB-A62B-4619-8F96-716938DD4DE4}"
EndProject
Project("{9A19103F-16F7-4668-BE54-9A1E7A4F7556}") = "Transport.DAL", "Transport.DAL\Transport.DAL.csproj", "{4E3592A0-6395-4E75-8880-05430D94007B}"
EndProject
Global
	GlobalSection(SolutionConfigurationPlatforms) = preSolution
		Debug|Any CPU = Debug|Any CPU
		Release|Any CPU = Release|Any CPU
	EndGlobalSection
	GlobalSection(ProjectConfigurationPlatforms) = postSolution
		{1757BC45-EDE0-4CB9-B2E8-AB56E41E0299}.Debug|Any CPU.ActiveCfg = Debug|Any CPU
		{1757BC45-EDE0-4CB9-B2E8-AB56E41E0299}.Debug|Any CPU.Build.0 = Debug|Any CPU
		{1757BC45-EDE0-4CB9-B2E8-AB56E41E0299}.Release|Any CPU.ActiveCfg = Release|Any CPU
		{1757BC45-EDE0-4CB9-B2E8-AB56E41E0299}.Release|Any CPU.Build.0 = Release|Any CPU
		{4AAB1ECB-9143-4C8C-9453-68F20DA26F65}.Debug|Any CPU.ActiveCfg = Debug|Any CPU
		{4AAB1ECB-9143-4C8C-9453-68F20DA26F65}.Debug|Any CPU.Build.0 = Debug|Any CPU
		{4AAB1ECB-9143-4C8C-9453-68F20DA26F65}.Release|Any CPU.ActiveCfg = Release|Any CPU
		{4AAB1ECB-9143-4C8C-9453-68F20DA26F65}.Release|Any CPU.Build.0 = Release|Any CPU
		{C79A17BB-A62B-4619-8F96-716938DD4DE4}.Debug|Any CPU.ActiveCfg = Debug|Any CPU
		{C79A17BB-A62B-4619-8F96-716938DD4DE4}.Debug|Any CPU.Build.0 = Debug|Any CPU
		{C79A17BB-A62B-4619-8F96-716938DD4DE4}.Release|Any CPU.ActiveCfg = Release|Any CPU
		{C79A17BB-A62B-4619-8F96-716938DD4DE4}.Release|Any CPU.Build.0 = Release|Any CPU
		{4E3592A0-6395-4E75-8880-05430D94007B}.Debug|Any CPU.ActiveCfg = Debug|Any CPU
		{4E3592A0-6395-4E75-8880-05430D94007B}.Debug|Any CPU.Build.0 = Debug|Any CPU
		{4E3592A0-6395-4E75-8880-05430D94007B}.Release|Any CPU.ActiveCfg = Release|Any CPU
		{4E3592A0-6395-4E75-8880-05430D94007B}.Release|Any CPU.Build.0 = Release|Any CPU
	EndGlobalSection
	GlobalSection(SolutionProperties) = preSolution
		HideSolutionNode = FALSE
	EndGlobalSection
	GlobalSection(ExtensibilityGlobals) = postSolution
		SolutionGuid = {7583DCF9-282A-4E39-A057-7376362BBCBB}
	EndGlobalSection
EndGlobal
